
Microsoft Visual Studio Solution File, Format Version 12.00
# Visual Studio Version 17
VisualStudioVersion = 17.7.34024.191
MinimumVisualStudioVersion = 10.0.40219.1
Project("{9A19103F-16F7-4668-BE54-9A1E7A4F7556}") = "Coraza_LabActivity1", "Coraza_LabActivity1\Coraza_LabActivity1.csproj", "{46D1E71F-69A1-43EE-A55D-68BB0BD8C1ED}"
EndProject
Global
	GlobalSection(SolutionConfigurationPlatforms) = preSolution
		Debug|Any CPU = Debug|Any CPU
		Release|Any CPU = Release|Any CPU
	EndGlobalSection
	GlobalSection(ProjectConfigurationPlatforms) = postSolution
		{46D1E71F-69A1-43EE-A55D-68BB0BD8C1ED}.Debug|Any CPU.ActiveCfg = Debug|Any CPU
		{46D1E71F-69A1-43EE-A55D-68BB0BD8C1ED}.Debug|Any CPU.Build.0 = Debug|Any CPU
		{46D1E71F-69A1-43EE-A55D-68BB0BD8C1ED}.Release|Any CPU.ActiveCfg = Release|Any CPU
		{46D1E71F-69A1-43EE-A55D-68BB0BD8C1ED}.Release|Any CPU.Build.0 = Release|Any CPU
	EndGlobalSection
	GlobalSection(SolutionProperties) = preSolution
		HideSolutionNode = FALSE
	EndGlobalSection
	GlobalSection(ExtensibilityGlobals) = postSolution
		SolutionGuid = {32C2DF8F-B23A-4B76-BC53-0FDE0D5852E5}
	EndGlobalSection
EndGlobal
